
Microsoft Visual Studio Solution File, Format Version 12.00
# Visual Studio Version 17
VisualStudioVersion = 17.5.002.0
MinimumVisualStudioVersion = 10.0.40219.1
Project("{9A19103F-16F7-4668-BE54-9A1E7A4F7556}") = "microsoft_videos", "microsoft_videos.csproj", "{1DF59721-24DB-4DC6-8A6C-583D4DCEC16F}"
EndProject
Global
	GlobalSection(SolutionConfigurationPlatforms) = preSolution
		Debug|Any CPU = Debug|Any CPU
		Release|Any CPU = Release|Any CPU
	EndGlobalSection
	GlobalSection(ProjectConfigurationPlatforms) = postSolution
		{1DF59721-24DB-4DC6-8A6C-583D4DCEC16F}.Debug|Any CPU.ActiveCfg = Debug|Any CPU
		{1DF59721-24DB-4DC6-8A6C-583D4DCEC16F}.Debug|Any CPU.Build.0 = Debug|Any CPU
		{1DF59721-24DB-4DC6-8A6C-583D4DCEC16F}.Release|Any CPU.ActiveCfg = Release|Any CPU
		{1DF59721-24DB-4DC6-8A6C-583D4DCEC16F}.Release|Any CPU.Build.0 = Release|Any CPU
	EndGlobalSection
	GlobalSection(SolutionProperties) = preSolution
		HideSolutionNode = FALSE
	EndGlobalSection
	GlobalSection(ExtensibilityGlobals) = postSolution
		SolutionGuid = {2E077829-C414-48AF-8BDB-F0EAC9762361}
	EndGlobalSection
EndGlobal
